
Microsoft Visual Studio Solution File, Format Version 12.00
# Visual Studio Version 17
VisualStudioVersion = 17.3.32825.248
MinimumVisualStudioVersion = 10.0.40219.1
Project("{9A19103F-16F7-4668-BE54-9A1E7A4F7556}") = "1_SyntaxCSharp", "1_SyntaxCSharp\1_SyntaxCSharp.csproj", "{DA4E282B-4063-4563-83C0-9AE8B34353EC}"
EndProject
Project("{9A19103F-16F7-4668-BE54-9A1E7A4F7556}") = "2EingabeAusgabe", "2EingabeAusgabe\2EingabeAusgabe.csproj", "{94F90150-2E08-4BCD-B2E6-312E616431B0}"
EndProject
Project("{FAE04EC0-301F-11D3-BF4B-00C04F79EFBC}") = "3Konsoleneingabe", "3Konsoleneingabe\3Konsoleneingabe.csproj", "{6EAF9926-736A-4F82-B894-A25711E6D35A}"
EndProject
Global
	GlobalSection(SolutionConfigurationPlatforms) = preSolution
		Debug|Any CPU = Debug|Any CPU
		Release|Any CPU = Release|Any CPU
	EndGlobalSection
	GlobalSection(ProjectConfigurationPlatforms) = postSolution
		{DA4E282B-4063-4563-83C0-9AE8B34353EC}.Debug|Any CPU.ActiveCfg = Debug|Any CPU
		{DA4E282B-4063-4563-83C0-9AE8B34353EC}.Debug|Any CPU.Build.0 = Debug|Any CPU
		{DA4E282B-4063-4563-83C0-9AE8B34353EC}.Release|Any CPU.ActiveCfg = Release|Any CPU
		{DA4E282B-4063-4563-83C0-9AE8B34353EC}.Release|Any CPU.Build.0 = Release|Any CPU
		{94F90150-2E08-4BCD-B2E6-312E616431B0}.Debug|Any CPU.ActiveCfg = Debug|Any CPU
		{94F90150-2E08-4BCD-B2E6-312E616431B0}.Debug|Any CPU.Build.0 = Debug|Any CPU
		{94F90150-2E08-4BCD-B2E6-312E616431B0}.Release|Any CPU.ActiveCfg = Release|Any CPU
		{94F90150-2E08-4BCD-B2E6-312E616431B0}.Release|Any CPU.Build.0 = Release|Any CPU
		{6EAF9926-736A-4F82-B894-A25711E6D35A}.Debug|Any CPU.ActiveCfg = Debug|Any CPU
		{6EAF9926-736A-4F82-B894-A25711E6D35A}.Debug|Any CPU.Build.0 = Debug|Any CPU
		{6EAF9926-736A-4F82-B894-A25711E6D35A}.Release|Any CPU.ActiveCfg = Release|Any CPU
		{6EAF9926-736A-4F82-B894-A25711E6D35A}.Release|Any CPU.Build.0 = Release|Any CPU
	EndGlobalSection
	GlobalSection(SolutionProperties) = preSolution
		HideSolutionNode = FALSE
	EndGlobalSection
	GlobalSection(ExtensibilityGlobals) = postSolution
		SolutionGuid = {D769C109-8CAA-465E-99AF-D8D891F0DCC4}
	EndGlobalSection
EndGlobal
